
Microsoft Visual Studio Solution File, Format Version 12.00
# Visual Studio 14
VisualStudioVersion = 14.0.25123.0
MinimumVisualStudioVersion = 10.0.40219.1
Project("{FAE04EC0-301F-11D3-BF4B-00C04F79EFBC}") = "PangammaUtilities", "PangammaUtilities\PangammaUtilities.csproj", "{AE59CB0C-6F5F-4BE8-935D-F77948F1950B}"
EndProject
Project("{FAE04EC0-301F-11D3-BF4B-00C04F79EFBC}") = "TestExamples", "TestExamples\TestExamples.csproj", "{ED2C40E5-06CF-4965-AB7A-65632CAFC039}"
EndProject
Global
	GlobalSection(SolutionConfigurationPlatforms) = preSolution
		Debug|Any CPU = Debug|Any CPU
		Release|Any CPU = Release|Any CPU
	EndGlobalSection
	GlobalSection(ProjectConfigurationPlatforms) = postSolution
		{AE59CB0C-6F5F-4BE8-935D-F77948F1950B}.Debug|Any CPU.ActiveCfg = Debug|Any CPU
		{AE59CB0C-6F5F-4BE8-935D-F77948F1950B}.Debug|Any CPU.Build.0 = Debug|Any CPU
		{AE59CB0C-6F5F-4BE8-935D-F77948F1950B}.Release|Any CPU.ActiveCfg = Release|Any CPU
		{AE59CB0C-6F5F-4BE8-935D-F77948F1950B}.Release|Any CPU.Build.0 = Release|Any CPU
		{ED2C40E5-06CF-4965-AB7A-65632CAFC039}.Debug|Any CPU.ActiveCfg = Debug|Any CPU
		{ED2C40E5-06CF-4965-AB7A-65632CAFC039}.Debug|Any CPU.Build.0 = Debug|Any CPU
		{ED2C40E5-06CF-4965-AB7A-65632CAFC039}.Release|Any CPU.ActiveCfg = Release|Any CPU
		{ED2C40E5-06CF-4965-AB7A-65632CAFC039}.Release|Any CPU.Build.0 = Release|Any CPU
	EndGlobalSection
	GlobalSection(SolutionProperties) = preSolution
		HideSolutionNode = FALSE
	EndGlobalSection
EndGlobal
